
Microsoft Visual Studio Solution File, Format Version 12.00
# Visual Studio Version 17
VisualStudioVersion = 17.1.32210.238
MinimumVisualStudioVersion = 10.0.40219.1
Project("{9A19103F-16F7-4668-BE54-9A1E7A4F7556}") = "Ch13CardLib", "Ch13CardLib\Ch13CardLib.csproj", "{9F965064-ABFE-451F-99EC-C160F6CE0C93}"
EndProject
Project("{FAE04EC0-301F-11D3-BF4B-00C04F79EFBC}") = "Ch13CardClient", "..\Ch13CardClient\Ch13CardClient.csproj", "{7F0C8C21-935F-4A74-8A40-286A5D5F1EB6}"
EndProject
Global
	GlobalSection(SolutionConfigurationPlatforms) = preSolution
		Debug|Any CPU = Debug|Any CPU
		Release|Any CPU = Release|Any CPU
	EndGlobalSection
	GlobalSection(ProjectConfigurationPlatforms) = postSolution
		{9F965064-ABFE-451F-99EC-C160F6CE0C93}.Debug|Any CPU.ActiveCfg = Debug|Any CPU
		{9F965064-ABFE-451F-99EC-C160F6CE0C93}.Debug|Any CPU.Build.0 = Debug|Any CPU
		{9F965064-ABFE-451F-99EC-C160F6CE0C93}.Release|Any CPU.ActiveCfg = Release|Any CPU
		{9F965064-ABFE-451F-99EC-C160F6CE0C93}.Release|Any CPU.Build.0 = Release|Any CPU
		{7F0C8C21-935F-4A74-8A40-286A5D5F1EB6}.Debug|Any CPU.ActiveCfg = Debug|Any CPU
		{7F0C8C21-935F-4A74-8A40-286A5D5F1EB6}.Debug|Any CPU.Build.0 = Debug|Any CPU
		{7F0C8C21-935F-4A74-8A40-286A5D5F1EB6}.Release|Any CPU.ActiveCfg = Release|Any CPU
		{7F0C8C21-935F-4A74-8A40-286A5D5F1EB6}.Release|Any CPU.Build.0 = Release|Any CPU
	EndGlobalSection
	GlobalSection(SolutionProperties) = preSolution
		HideSolutionNode = FALSE
	EndGlobalSection
	GlobalSection(ExtensibilityGlobals) = postSolution
		SolutionGuid = {D0CFB302-24A9-4DDB-9F30-25ED9BBF72A8}
	EndGlobalSection
EndGlobal
