
Microsoft Visual Studio Solution File, Format Version 12.00
# Visual Studio Version 17
VisualStudioVersion = 17.1.32210.238
MinimumVisualStudioVersion = 10.0.40219.1
Project("{9A19103F-16F7-4668-BE54-9A1E7A4F7556}") = "Ch10CardLib", "Ch10CardLib\Ch10CardLib.csproj", "{064A4A66-9FA4-4DFB-97B3-95A201743E9F}"
EndProject
Project("{FAE04EC0-301F-11D3-BF4B-00C04F79EFBC}") = "Ch10CardClient", "Ch10CardClient\Ch10CardClient.csproj", "{A6661534-A821-4B3D-BE77-E9B3E95098DF}"
EndProject
Global
	GlobalSection(SolutionConfigurationPlatforms) = preSolution
		Debug|Any CPU = Debug|Any CPU
		Release|Any CPU = Release|Any CPU
	EndGlobalSection
	GlobalSection(ProjectConfigurationPlatforms) = postSolution
		{064A4A66-9FA4-4DFB-97B3-95A201743E9F}.Debug|Any CPU.ActiveCfg = Debug|Any CPU
		{064A4A66-9FA4-4DFB-97B3-95A201743E9F}.Debug|Any CPU.Build.0 = Debug|Any CPU
		{064A4A66-9FA4-4DFB-97B3-95A201743E9F}.Release|Any CPU.ActiveCfg = Release|Any CPU
		{064A4A66-9FA4-4DFB-97B3-95A201743E9F}.Release|Any CPU.Build.0 = Release|Any CPU
		{A6661534-A821-4B3D-BE77-E9B3E95098DF}.Debug|Any CPU.ActiveCfg = Debug|Any CPU
		{A6661534-A821-4B3D-BE77-E9B3E95098DF}.Debug|Any CPU.Build.0 = Debug|Any CPU
		{A6661534-A821-4B3D-BE77-E9B3E95098DF}.Release|Any CPU.ActiveCfg = Release|Any CPU
		{A6661534-A821-4B3D-BE77-E9B3E95098DF}.Release|Any CPU.Build.0 = Release|Any CPU
	EndGlobalSection
	GlobalSection(SolutionProperties) = preSolution
		HideSolutionNode = FALSE
	EndGlobalSection
	GlobalSection(ExtensibilityGlobals) = postSolution
		SolutionGuid = {BB264BC2-E7E4-4D37-B832-361B538DF99D}
	EndGlobalSection
EndGlobal
