
Microsoft Visual Studio Solution File, Format Version 12.00
# Visual Studio Version 17
VisualStudioVersion = 17.1.32210.238
MinimumVisualStudioVersion = 10.0.40219.1
Project("{FAE04EC0-301F-11D3-BF4B-00C04F79EFBC}") = "Ch11CardLib", "Ch11CardLib\Ch11CardLib.csproj", "{B9309975-5000-4FD3-9653-E509946B8DCB}"
EndProject
Project("{FAE04EC0-301F-11D3-BF4B-00C04F79EFBC}") = "Ch11CardClient", "Ch11CardClient\Ch11CardClient.csproj", "{827D1188-F587-4CDB-86ED-9EC321690310}"
EndProject
Global
	GlobalSection(SolutionConfigurationPlatforms) = preSolution
		Debug|Any CPU = Debug|Any CPU
		Release|Any CPU = Release|Any CPU
	EndGlobalSection
	GlobalSection(ProjectConfigurationPlatforms) = postSolution
		{B9309975-5000-4FD3-9653-E509946B8DCB}.Debug|Any CPU.ActiveCfg = Debug|Any CPU
		{B9309975-5000-4FD3-9653-E509946B8DCB}.Debug|Any CPU.Build.0 = Debug|Any CPU
		{B9309975-5000-4FD3-9653-E509946B8DCB}.Release|Any CPU.ActiveCfg = Release|Any CPU
		{B9309975-5000-4FD3-9653-E509946B8DCB}.Release|Any CPU.Build.0 = Release|Any CPU
		{827D1188-F587-4CDB-86ED-9EC321690310}.Debug|Any CPU.ActiveCfg = Debug|Any CPU
		{827D1188-F587-4CDB-86ED-9EC321690310}.Debug|Any CPU.Build.0 = Debug|Any CPU
		{827D1188-F587-4CDB-86ED-9EC321690310}.Release|Any CPU.ActiveCfg = Release|Any CPU
		{827D1188-F587-4CDB-86ED-9EC321690310}.Release|Any CPU.Build.0 = Release|Any CPU
	EndGlobalSection
	GlobalSection(SolutionProperties) = preSolution
		HideSolutionNode = FALSE
	EndGlobalSection
	GlobalSection(ExtensibilityGlobals) = postSolution
		SolutionGuid = {C0BF5614-1619-46FF-8866-38CD0958704A}
	EndGlobalSection
EndGlobal
